
Microsoft Visual Studio Solution File, Format Version 12.00
# Visual Studio Version 16
VisualStudioVersion = 16.0.31424.327
MinimumVisualStudioVersion = 10.0.40219.1
Project("{FAE04EC0-301F-11D3-BF4B-00C04F79EFBC}") = "OS2_projekt_EmanuelRadotovic", "OS2_projekt_EmanuelRadotovic.csproj", "{FAF6BF06-ECAF-433F-9C48-F29653455381}"
EndProject
Global
	GlobalSection(SolutionConfigurationPlatforms) = preSolution
		Debug|Any CPU = Debug|Any CPU
		Release|Any CPU = Release|Any CPU
	EndGlobalSection
	GlobalSection(ProjectConfigurationPlatforms) = postSolution
		{FAF6BF06-ECAF-433F-9C48-F29653455381}.Debug|Any CPU.ActiveCfg = Debug|Any CPU
		{FAF6BF06-ECAF-433F-9C48-F29653455381}.Debug|Any CPU.Build.0 = Debug|Any CPU
		{FAF6BF06-ECAF-433F-9C48-F29653455381}.Release|Any CPU.ActiveCfg = Release|Any CPU
		{FAF6BF06-ECAF-433F-9C48-F29653455381}.Release|Any CPU.Build.0 = Release|Any CPU
	EndGlobalSection
	GlobalSection(SolutionProperties) = preSolution
		HideSolutionNode = FALSE
	EndGlobalSection
	GlobalSection(ExtensibilityGlobals) = postSolution
		SolutionGuid = {20ED98CC-4796-4BBC-808A-B60C02817228}
	EndGlobalSection
EndGlobal
